lockfileVersion: 5.4

specifiers:
  rollup: ^2.71.1
  rollup-plugin-ts: ^2.0.7
  typescript: ^4.6.4

devDependencies:
  rollup: registry.npmmirror.com/rollup/2.71.1
  rollup-plugin-ts: registry.npmmirror.com/rollup-plugin-ts/2.0.7_ucrswzumipog3rfswkcvuves4u
  typescript: registry.npmmirror.com/typescript/4.6.4

packages:

  registry.npmmirror.com/@mdn/browser-compat-data/4.1.19:
    resolution: {integrity: sha512-zDrdjvX2dwunW4HOGwpibLHvfnDRQOJ89bGnkQ7TXZ7H7JSehbg2Gf0zNbML+R/03QItZ7EI6QHloOJ2znFSdA==, registry: https://registry.npm.taobao.org/, tarball: https://registry.npmmirror.com/@mdn/browser-compat-data/-/browser-compat-data-4.1.19.tgz}
    name: '@mdn/browser-compat-data'
    version: 4.1.19
    dev: true

  registry.npmmirror.com/@rollup/pluginutils/4.2.1:
    resolution: {integrity: sha512-iKnFXr7NkdZAIHiIWE+BX5ULi/ucVFYWD6TbAV+rZctiRTY2PL6tsIKhoIOaoskiWAkgu+VsbXgUVDNLHf+InQ==, registry: https://registry.npm.taobao.org/, tarball: https://registry.npmmirror.com/@rollup/pluginutils/-/pluginutils-4.2.1.tgz}
    name: '@rollup/pluginutils'
    version: 4.2.1
    engines: {node: '>= 8.0.0'}
    dependencies:
      estree-walker: registry.npmmirror.com/estree-walker/2.0.2
      picomatch: registry.npmmirror.com/picomatch/2.3.1
    dev: true

  registry.npmmirror.com/@types/node/16.11.33:
    resolution: {integrity: sha512-0PJ0vg+JyU0MIan58IOIFRtSvsb7Ri+7Wltx2qAg94eMOrpg4+uuP3aUHCpxXc1i0jCXiC+zIamSZh3l9AbcQA==, registry: https://registry.npm.taobao.org/, tarball: https://registry.npmmirror.com/@types/node/-/node-16.11.33.tgz}
    name: '@types/node'
    version: 16.11.33
    dev: true

  registry.npmmirror.com/@types/object-path/0.11.1:
    resolution: {integrity: sha512-219LSCO9HPcoXcRTC6DbCs0FRhZgBnEMzf16RRqkT40WbkKx3mOeQuz3e2XqbfhOz/AHfbru0kzB1n1RCAsIIg==, registry: https://registry.npm.taobao.org/, tarball: https://registry.npmmirror.com/@types/object-path/-/object-path-0.11.1.tgz}
    name: '@types/object-path'
    version: 0.11.1
    dev: true

  registry.npmmirror.com/@types/semver/7.3.9:
    resolution: {integrity: sha512-L/TMpyURfBkf+o/526Zb6kd/tchUP3iBDEPjqjb+U2MAJhVRxxrmr2fwpe08E7QsV7YLcpq0tUaQ9O9x97ZIxQ==, registry: https://registry.npm.taobao.org/, tarball: https://registry.npmmirror.com/@types/semver/-/semver-7.3.9.tgz}
    name: '@types/semver'
    version: 7.3.9
    dev: true

  registry.npmmirror.com/@types/ua-parser-js/0.7.36:
    resolution: {integrity: sha512-N1rW+njavs70y2cApeIw1vLMYXRwfBy+7trgavGuuTfOd7j1Yh7QTRc/yqsPl6ncokt72ZXuxEU0PiCp9bSwNQ==, registry: https://registry.npm.taobao.org/, tarball: https://registry.npmmirror.com/@types/ua-parser-js/-/ua-parser-js-0.7.36.tgz}
    name: '@types/ua-parser-js'
    version: 0.7.36
    dev: true

  registry.npmmirror.com/@wessberg/stringutil/1.0.19:
    resolution: {integrity: sha512-9AZHVXWlpN8Cn9k5BC/O0Dzb9E9xfEMXzYrNunwvkUTvuK7xgQPVRZpLo+jWCOZ5r8oBa8NIrHuPEu1hzbb6bg==, registry: https://registry.npm.taobao.org/, tarball: https://registry.npmmirror.com/@wessberg/stringutil/-/stringutil-1.0.19.tgz}
    name: '@wessberg/stringutil'
    version: 1.0.19
    engines: {node: '>=8.0.0'}
    dev: true

  registry.npmmirror.com/ansi-styles/4.3.0:
    resolution: {integrity: sha512-zbB9rCJAT1rbjiVDb2hqKFHNYLxgtk8NURxZ3IZwD3F6NtxbXZQCnnSi1Lkx+IDohdPlFp222wVALIheZJQSEg==, registry: https://registry.npm.taobao.org/, tarball: https://registry.npmmirror.com/ansi-styles/-/ansi-styles-4.3.0.tgz}
    name: ansi-styles
    version: 4.3.0
    engines: {node: '>=8'}
    dependencies:
      color-convert: registry.npmmirror.com/color-convert/2.0.1
    dev: true

  registry.npmmirror.com/browserslist-generator/1.0.66:
    resolution: {integrity: sha512-aFDax4Qzh29DdyhHQBD2Yu2L5OvaDnvYFMbmpLrLwwaNK4H6dHEhC/Nxv93/+mfAA+a/t94ln0P2JZvHO6LZDA==, registry: https://registry.npm.taobao.org/, tarball: https://registry.npmmirror.com/browserslist-generator/-/browserslist-generator-1.0.66.tgz}
    name: browserslist-generator
    version: 1.0.66
    engines: {node: '>=8.0.0'}
    dependencies:
      '@mdn/browser-compat-data': registry.npmmirror.com/@mdn/browser-compat-data/4.1.19
      '@types/object-path': registry.npmmirror.com/@types/object-path/0.11.1
      '@types/semver': registry.npmmirror.com/@types/semver/7.3.9
      '@types/ua-parser-js': registry.npmmirror.com/@types/ua-parser-js/0.7.36
      browserslist: registry.npmmirror.com/browserslist/4.20.2
      caniuse-lite: registry.npmmirror.com/caniuse-lite/1.0.30001335
      isbot: registry.npmmirror.com/isbot/3.4.5
      object-path: registry.npmmirror.com/object-path/0.11.8
      semver: registry.npmmirror.com/semver/7.3.7
      ua-parser-js: registry.npmmirror.com/ua-parser-js/1.0.2
    dev: true

  registry.npmmirror.com/browserslist/4.20.2:
    resolution: {integrity: sha512-CQOBCqp/9pDvDbx3xfMi+86pr4KXIf2FDkTTdeuYw8OxS9t898LA1Khq57gtufFILXpfgsSx5woNgsBgvGjpsA==, registry: https://registry.npm.taobao.org/, tarball: https://registry.npmmirror.com/browserslist/-/browserslist-4.20.2.tgz}
    name: browserslist
    version: 4.20.2
    engines: {node: ^6 || ^7 || ^8 || ^9 || ^10 || ^11 || ^12 || >=13.7}
    hasBin: true
    dependencies:
      caniuse-lite: registry.npmmirror.com/caniuse-lite/1.0.30001335
      electron-to-chromium: registry.npmmirror.com/electron-to-chromium/1.4.132
      escalade: registry.npmmirror.com/escalade/3.1.1
      node-releases: registry.npmmirror.com/node-releases/2.0.4
      picocolors: registry.npmmirror.com/picocolors/1.0.0
    dev: true

  registry.npmmirror.com/browserslist/4.20.3:
    resolution: {integrity: sha512-NBhymBQl1zM0Y5dQT/O+xiLP9/rzOIQdKM/eMJBAq7yBgaB6krIYLGejrwVYnSHZdqjscB1SPuAjHwxjvN6Wdg==, registry: https://registry.npm.taobao.org/, tarball: https://registry.npmmirror.com/browserslist/-/browserslist-4.20.3.tgz}
    name: browserslist
    version: 4.20.3
    engines: {node: ^6 || ^7 || ^8 || ^9 || ^10 || ^11 || ^12 || >=13.7}
    hasBin: true
    dependencies:
      caniuse-lite: registry.npmmirror.com/caniuse-lite/1.0.30001335
      electron-to-chromium: registry.npmmirror.com/electron-to-chromium/1.4.132
      escalade: registry.npmmirror.com/escalade/3.1.1
      node-releases: registry.npmmirror.com/node-releases/2.0.4
      picocolors: registry.npmmirror.com/picocolors/1.0.0
    dev: true

  registry.npmmirror.com/caniuse-lite/1.0.30001335:
    resolution: {integrity: sha512-ddP1Tgm7z2iIxu6QTtbZUv6HJxSaV/PZeSrWFZtbY4JZ69tOeNhBCl3HyRQgeNZKE5AOn1kpV7fhljigy0Ty3w==, registry: https://registry.npm.taobao.org/, tarball: https://registry.npmmirror.com/caniuse-lite/-/caniuse-lite-1.0.30001335.tgz}
    name: caniuse-lite
    version: 1.0.30001335
    dev: true

  registry.npmmirror.com/chalk/4.1.2:
    resolution: {integrity: sha512-oKnbhFyRIXpUuez8iBMmyEa4nbj4IOQyuhc/wy9kY7/WVPcwIO9VA668Pu8RkO7+0G76SLROeyw9CpQ061i4mA==, registry: https://registry.npm.taobao.org/, tarball: https://registry.npmmirror.com/chalk/-/chalk-4.1.2.tgz}
    name: chalk
    version: 4.1.2
    engines: {node: '>=10'}
    dependencies:
      ansi-styles: registry.npmmirror.com/ansi-styles/4.3.0
      supports-color: registry.npmmirror.com/supports-color/7.2.0
    dev: true

  registry.npmmirror.com/color-convert/2.0.1:
    resolution: {integrity: sha512-RRECPsj7iu/xb5oKYcsFHSppFNnsj/52OVTRKb4zP5onXwVF3zVmmToNcOfGC+CRDpfK/U584fMg38ZHCaElKQ==, registry: https://registry.npm.taobao.org/, tarball: https://registry.npmmirror.com/color-convert/-/color-convert-2.0.1.tgz}
    name: color-convert
    version: 2.0.1
    engines: {node: '>=7.0.0'}
    dependencies:
      color-name: registry.npmmirror.com/color-name/1.1.4
    dev: true

  registry.npmmirror.com/color-name/1.1.4:
    resolution: {integrity: sha512-dOy+3AuW3a2wNbZHIuMZpTcgjGuLU/uBL/ubcZF9OXbDo8ff4O8yVp5Bf0efS8uEoYo5q4Fx7dY9OgQGXgAsQA==, registry: https://registry.npm.taobao.org/, tarball: https://registry.npmmirror.com/color-name/-/color-name-1.1.4.tgz}
    name: color-name
    version: 1.1.4
    dev: true

  registry.npmmirror.com/compatfactory/0.0.13_typescript@4.6.4:
    resolution: {integrity: sha512-k9Sl/Qal3xQPnjAFZaRpl7jlCh0hDEhVaxyiTMfiHKC/w5TYn4Nds+7340X/v1OrAQC5xGBtaD2JpWgPhXWaAw==, registry: https://registry.npm.taobao.org/, tarball: https://registry.npmmirror.com/compatfactory/-/compatfactory-0.0.13.tgz}
    id: registry.npmmirror.com/compatfactory/0.0.13
    name: compatfactory
    version: 0.0.13
    engines: {node: '>=10.0.0'}
    peerDependencies:
      typescript: '>=3.x || >= 4.x'
    dependencies:
      helpertypes: registry.npmmirror.com/helpertypes/0.0.18
      typescript: registry.npmmirror.com/typescript/4.6.4
    dev: true

  registry.npmmirror.com/crosspath/1.0.0:
    resolution: {integrity: sha512-mpjkSErNO6vioL/Cde2aF4UBysPFEMyn+1AN1t7Oc4yqvzSRWe8iBte4P8BHyjo64OmC+ZBxwjIqmpSpIWiQ7Q==, registry: https://registry.npm.taobao.org/, tarball: https://registry.npmmirror.com/crosspath/-/crosspath-1.0.0.tgz}
    name: crosspath
    version: 1.0.0
    engines: {node: '>=10.0.0'}
    dependencies:
      '@types/node': registry.npmmirror.com/@types/node/16.11.33
    dev: true

  registry.npmmirror.com/electron-to-chromium/1.4.132:
    resolution: {integrity: sha512-JYdZUw/1068NWN+SwXQ7w6Ue0bWYGihvSUNNQwurvcDV/SM7vSiGZ3NuFvFgoEiCs4kB8xs3cX2an3wB7d4TBw==, registry: https://registry.npm.taobao.org/, tarball: https://registry.npmmirror.com/electron-to-chromium/-/electron-to-chromium-1.4.132.tgz}
    name: electron-to-chromium
    version: 1.4.132
    dev: true

  registry.npmmirror.com/escalade/3.1.1:
    resolution: {integrity: sha512-k0er2gUkLf8O0zKJiAhmkTnJlTvINGv7ygDNPbeIsX/TJjGJZHuh9B2UxbsaEkmlEo9MfhrSzmhIlhRlI2GXnw==, registry: https://registry.npm.taobao.org/, tarball: https://registry.npmmirror.com/escalade/-/escalade-3.1.1.tgz}
    name: escalade
    version: 3.1.1
    engines: {node: '>=6'}
    dev: true

  registry.npmmirror.com/estree-walker/2.0.2:
    resolution: {integrity: sha512-Rfkk/Mp/DL7JVje3u18FxFujQlTNR2q6QfMSMB7AvCBx91NGj/ba3kCfza0f6dVDbw7YlRf/nDrn7pQrCCyQ/w==, registry: https://registry.npm.taobao.org/, tarball: https://registry.npmmirror.com/estree-walker/-/estree-walker-2.0.2.tgz}
    name: estree-walker
    version: 2.0.2
    dev: true

  registry.npmmirror.com/fsevents/2.3.2:
    resolution: {integrity: sha512-xiqMQR4xAeHTuB9uWm+fFRcIOgKBMiOBP+eXiyT7jsgVCq1bkVygt00oASowB7EdtpOHaaPgKt812P9ab+DDKA==, registry: https://registry.npm.taobao.org/, tarball: https://registry.npmmirror.com/fsevents/-/fsevents-2.3.2.tgz}
    name: fsevents
    version: 2.3.2
    engines: {node: ^8.16.0 || ^10.6.0 || >=11.0.0}
    os: [darwin]
    requiresBuild: true
    dev: true
    optional: true

  registry.npmmirror.com/has-flag/4.0.0:
    resolution: {integrity: sha512-EykJT/Q1KjTWctppgIAgfSO0tKVuZUjhgMr17kqTumMl6Afv3EISleU7qZUzoXDFTAHTDC4NOoG/ZxU3EvlMPQ==, registry: https://registry.npm.taobao.org/, tarball: https://registry.npmmirror.com/has-flag/-/has-flag-4.0.0.tgz}
    name: has-flag
    version: 4.0.0
    engines: {node: '>=8'}
    dev: true

  registry.npmmirror.com/helpertypes/0.0.18:
    resolution: {integrity: sha512-XRhfbSEmR+poXUC5/8AbmYNJb2riOT6qPzjGJZr0S9YedHiaY+/tzPYzWMUclYMEdCYo/1l8PDYrQFCj02v97w==, registry: https://registry.npm.taobao.org/, tarball: https://registry.npmmirror.com/helpertypes/-/helpertypes-0.0.18.tgz}
    name: helpertypes
    version: 0.0.18
    engines: {node: '>=10.0.0'}
    dev: true

  registry.npmmirror.com/isbot/3.4.5:
    resolution: {integrity: sha512-+KD6q1BBtw0iK9aGBGSfxJ31/ZgizKRjhm8ebgJUBMx0aeeQuIJ1I72beCoIrltIZGrSm4vmrxRxrG5n1aUTtw==, registry: https://registry.npm.taobao.org/, tarball: https://registry.npmmirror.com/isbot/-/isbot-3.4.5.tgz}
    name: isbot
    version: 3.4.5
    engines: {node: '>=12'}
    dev: true

  registry.npmmirror.com/lru-cache/6.0.0:
    resolution: {integrity: sha512-Jo6dJ04CmSjuznwJSS3pUeWmd/H0ffTlkXXgwZi+eq1UCmqQwCh+eLsYOYCwY991i2Fah4h1BEMCx4qThGbsiA==, registry: https://registry.npm.taobao.org/, tarball: https://registry.npmmirror.com/lru-cache/-/lru-cache-6.0.0.tgz}
    name: lru-cache
    version: 6.0.0
    engines: {node: '>=10'}
    dependencies:
      yallist: registry.npmmirror.com/yallist/4.0.0
    dev: true

  registry.npmmirror.com/magic-string/0.26.1:
    resolution: {integrity: sha512-ndThHmvgtieXe8J/VGPjG+Apu7v7ItcD5mhEIvOscWjPF/ccOiLxHaSuCAS2G+3x4GKsAbT8u7zdyamupui8Tg==, registry: https://registry.npm.taobao.org/, tarball: https://registry.npmmirror.com/magic-string/-/magic-string-0.26.1.tgz}
    name: magic-string
    version: 0.26.1
    engines: {node: '>=12'}
    dependencies:
      sourcemap-codec: registry.npmmirror.com/sourcemap-codec/1.4.8
    dev: true

  registry.npmmirror.com/node-releases/2.0.4:
    resolution: {integrity: sha512-gbMzqQtTtDz/00jQzZ21PQzdI9PyLYqUSvD0p3naOhX4odFji0ZxYdnVwPTxmSwkmxhcFImpozceidSG+AgoPQ==, registry: https://registry.npm.taobao.org/, tarball: https://registry.npmmirror.com/node-releases/-/node-releases-2.0.4.tgz}
    name: node-releases
    version: 2.0.4
    dev: true

  registry.npmmirror.com/object-path/0.11.8:
    resolution: {integrity: sha512-YJjNZrlXJFM42wTBn6zgOJVar9KFJvzx6sTWDte8sWZF//cnjl0BxHNpfZx+ZffXX63A9q0b1zsFiBX4g4X5KA==, registry: https://registry.npm.taobao.org/, tarball: https://registry.npmmirror.com/object-path/-/object-path-0.11.8.tgz}
    name: object-path
    version: 0.11.8
    engines: {node: '>= 10.12.0'}
    dev: true

  registry.npmmirror.com/picocolors/1.0.0:
    resolution: {integrity: sha512-1fygroTLlHu66zi26VoTDv8yRgm0Fccecssto+MhsZ0D/DGW2sm8E8AjW7NU5VVTRt5GxbeZ5qBuJr+HyLYkjQ==, registry: https://registry.npm.taobao.org/, tarball: https://registry.npmmirror.com/picocolors/-/picocolors-1.0.0.tgz}
    name: picocolors
    version: 1.0.0
    dev: true

  registry.npmmirror.com/picomatch/2.3.1:
    resolution: {integrity: sha512-JU3teHTNjmE2VCGFzuY8EXzCDVwEqB2a8fsIvwaStHhAWJEeVd1o1QD80CU6+ZdEXXSLbSsuLwJjkCBWqRQUVA==, registry: https://registry.npm.taobao.org/, tarball: https://registry.npmmirror.com/picomatch/-/picomatch-2.3.1.tgz}
    name: picomatch
    version: 2.3.1
    engines: {node: '>=8.6'}
    dev: true

  registry.npmmirror.com/rollup-plugin-ts/2.0.7_ucrswzumipog3rfswkcvuves4u:
    resolution: {integrity: sha512-M9sppRKX6y/b2KXbGdUdHid0tshAEK/sEeYLBHBJiBa4swukSsoFVXKGGZasLcjaXhgUnnizFuvFFj6znxwvSA==, registry: https://registry.npm.taobao.org/, tarball: https://registry.npmmirror.com/rollup-plugin-ts/-/rollup-plugin-ts-2.0.7.tgz}
    id: registry.npmmirror.com/rollup-plugin-ts/2.0.7
    name: rollup-plugin-ts
    version: 2.0.7
    engines: {node: '>=10.0.0', npm: '>=7.0.0', pnpm: '>=3.2.0', yarn: '>=1.13'}
    peerDependencies:
      '@babel/core': '>=6.x || >=7.x'
      '@babel/plugin-transform-runtime': '>=6.x || >=7.x'
      '@babel/preset-env': '>=6.x || >=7.x'
      '@babel/runtime': '>=6.x || >=7.x'
      '@swc/core': '>=1.x'
      '@swc/helpers': '>=0.2'
      rollup: '>=1.x || >=2.x'
      typescript: '>=3.2.x || >= 4.x'
    peerDependenciesMeta:
      '@babel/core':
        optional: true
      '@babel/plugin-transform-runtime':
        optional: true
      '@babel/preset-env':
        optional: true
      '@babel/runtime':
        optional: true
      '@swc/core':
        optional: true
      '@swc/helpers':
        optional: true
    dependencies:
      '@rollup/pluginutils': registry.npmmirror.com/@rollup/pluginutils/4.2.1
      '@wessberg/stringutil': registry.npmmirror.com/@wessberg/stringutil/1.0.19
      browserslist: registry.npmmirror.com/browserslist/4.20.3
      browserslist-generator: registry.npmmirror.com/browserslist-generator/1.0.66
      chalk: registry.npmmirror.com/chalk/4.1.2
      compatfactory: registry.npmmirror.com/compatfactory/0.0.13_typescript@4.6.4
      crosspath: registry.npmmirror.com/crosspath/1.0.0
      magic-string: registry.npmmirror.com/magic-string/0.26.1
      rollup: registry.npmmirror.com/rollup/2.71.1
      ts-clone-node: registry.npmmirror.com/ts-clone-node/0.3.32_typescript@4.6.4
      tslib: registry.npmmirror.com/tslib/2.4.0
      typescript: registry.npmmirror.com/typescript/4.6.4
    dev: true

  registry.npmmirror.com/rollup/2.71.1:
    resolution: {integrity: sha512-lMZk3XfUBGjrrZQpvPSoXcZSfKcJ2Bgn+Z0L1MoW2V8Wh7BVM+LOBJTPo16yul2MwL59cXedzW1ruq3rCjSRgw==, registry: https://registry.npm.taobao.org/, tarball: https://registry.npmmirror.com/rollup/-/rollup-2.71.1.tgz}
    name: rollup
    version: 2.71.1
    engines: {node: '>=10.0.0'}
    hasBin: true
    optionalDependencies:
      fsevents: registry.npmmirror.com/fsevents/2.3.2
    dev: true

  registry.npmmirror.com/semver/7.3.7:
    resolution: {integrity: sha512-QlYTucUYOews+WeEujDoEGziz4K6c47V/Bd+LjSSYcA94p+DmINdf7ncaUinThfvZyu13lN9OY1XDxt8C0Tw0g==, registry: https://registry.npm.taobao.org/, tarball: https://registry.npmmirror.com/semver/-/semver-7.3.7.tgz}
    name: semver
    version: 7.3.7
    engines: {node: '>=10'}
    hasBin: true
    dependencies:
      lru-cache: registry.npmmirror.com/lru-cache/6.0.0
    dev: true

  registry.npmmirror.com/sourcemap-codec/1.4.8:
    resolution: {integrity: sha512-9NykojV5Uih4lgo5So5dtw+f0JgJX30KCNI8gwhz2J9A15wD0Ml6tjHKwf6fTSa6fAdVBdZeNOs9eJ71qCk8vA==, registry: https://registry.npm.taobao.org/, tarball: https://registry.npmmirror.com/sourcemap-codec/-/sourcemap-codec-1.4.8.tgz}
    name: sourcemap-codec
    version: 1.4.8
    dev: true

  registry.npmmirror.com/supports-color/7.2.0:
    resolution: {integrity: sha512-qpCAvRl9stuOHveKsn7HncJRvv501qIacKzQlO/+Lwxc9+0q2wLyv4Dfvt80/DPn2pqOBsJdDiogXGR9+OvwRw==, registry: https://registry.npm.taobao.org/, tarball: https://registry.npmmirror.com/supports-color/-/supports-color-7.2.0.tgz}
    name: supports-color
    version: 7.2.0
    engines: {node: '>=8'}
    dependencies:
      has-flag: registry.npmmirror.com/has-flag/4.0.0
    dev: true

  registry.npmmirror.com/ts-clone-node/0.3.32_typescript@4.6.4:
    resolution: {integrity: sha512-YYGvoWy2Ba98/YC/0leD7IRsU/q5pu/KRg9dD8omzkbgoZ8g7gfYfED9mWMTyNp7J3CQiiKyvM62B7mXXHKU7Q==, registry: https://registry.npm.taobao.org/, tarball: https://registry.npmmirror.com/ts-clone-node/-/ts-clone-node-0.3.32.tgz}
    id: registry.npmmirror.com/ts-clone-node/0.3.32
    name: ts-clone-node
    version: 0.3.32
    engines: {node: '>=10.0.0'}
    peerDependencies:
      typescript: ^3.x || ^4.x
    dependencies:
      compatfactory: registry.npmmirror.com/compatfactory/0.0.13_typescript@4.6.4
      typescript: registry.npmmirror.com/typescript/4.6.4
    dev: true

  registry.npmmirror.com/tslib/2.4.0:
    resolution: {integrity: sha512-d6xOpEDfsi2CZVlPQzGeux8XMwLT9hssAsaPYExaQMuYskwb+x1x7J371tWlbBdWHroy99KnVB6qIkUbs5X3UQ==, registry: https://registry.npm.taobao.org/, tarball: https://registry.npmmirror.com/tslib/-/tslib-2.4.0.tgz}
    name: tslib
    version: 2.4.0
    dev: true

  registry.npmmirror.com/typescript/4.6.4:
    resolution: {integrity: sha512-9ia/jWHIEbo49HfjrLGfKbZSuWo9iTMwXO+Ca3pRsSpbsMbc7/IU8NKdCZVRRBafVPGnoJeFL76ZOAA84I9fEg==, registry: https://registry.npm.taobao.org/, tarball: https://registry.npmmirror.com/typescript/-/typescript-4.6.4.tgz}
    name: typescript
    version: 4.6.4
    engines: {node: '>=4.2.0'}
    hasBin: true
    dev: true

  registry.npmmirror.com/ua-parser-js/1.0.2:
    resolution: {integrity: sha512-00y/AXhx0/SsnI51fTc0rLRmafiGOM4/O+ny10Ps7f+j/b8p/ZY11ytMgznXkOVo4GQ+KwQG5UQLkLGirsACRg==, registry: https://registry.npm.taobao.org/, tarball: https://registry.npmmirror.com/ua-parser-js/-/ua-parser-js-1.0.2.tgz}
    name: ua-parser-js
    version: 1.0.2
    dev: true

  registry.npmmirror.com/yallist/4.0.0:
    resolution: {integrity: sha512-3wdGidZyq5PB084XLES5TpOSRA3wjXAlIWMhum2kRcv/41Sn2emQ0dycQW4uZXLejwKvg6EsvbdlVL+FYEct7A==, registry: https://registry.npm.taobao.org/, tarball: https://registry.npmmirror.com/yallist/-/yallist-4.0.0.tgz}
    name: yallist
    version: 4.0.0
    dev: true
